
Microsoft Visual Studio Solution File, Format Version 12.00
# Visual Studio 15
Project("{FAE04EC0-301F-11D3-BF4B-00C04F79EFBC}") = "ConcurrencyExercises", "ConcurrencyExercises\ConcurrencyExercises.csproj", "{558B565E-B597-4746-BBC4-270516AA546D}"
EndProject
Global
	GlobalSection(SolutionConfigurationPlatforms) = preSolution
		Debug|anycpu = Debug|anycpu
		Release|anycpu = Release|anycpu
	EndGlobalSection
	GlobalSection(ProjectConfigurationPlatforms) = postSolution
		{558B565E-B597-4746-BBC4-270516AA546D}.Debug|anycpu.ActiveCfg = Debug|anycpu
		{558B565E-B597-4746-BBC4-270516AA546D}.Debug|anycpu.Build.0 = Debug|anycpu
		{558B565E-B597-4746-BBC4-270516AA546D}.Release|anycpu.ActiveCfg = Release|anycpu
		{558B565E-B597-4746-BBC4-270516AA546D}.Release|anycpu.Build.0 = Release|anycpu
	EndGlobalSection
EndGlobal
